
Microsoft Visual Studio Solution File, Format Version 12.00
# Visual Studio Version 16
VisualStudioVersion = 16.0.31129.286
MinimumVisualStudioVersion = 10.0.40219.1
Project("{9A19103F-16F7-4668-BE54-9A1E7A4F7556}") = "SEDC-WebApplication", "SEDC-WebApplication\SEDC-WebApplication.csproj", "{DA06CD8E-76E5-4105-BDD0-474E6B8E0961}"
EndProject
Project("{2150E333-8FDC-42A3-9474-1A3956D46DE8}") = "BLL", "BLL", "{F06CF601-907F-4131-8224-26701883001C}"
EndProject
Project("{2150E333-8FDC-42A3-9474-1A3956D46DE8}") = "DAL", "DAL", "{4587A954-4DD5-48FD-B224-E9CE68B33E28}"
EndProject
Project("{9A19103F-16F7-4668-BE54-9A1E7A4F7556}") = "SEDC-WebApplication.BLL.Logic", "SEDC-WebApplication.BLL.Logic\SEDC-WebApplication.BLL.Logic.csproj", "{8D7896BE-D397-4FDE-BD51-416C5D2569F7}"
EndProject
Project("{9A19103F-16F7-4668-BE54-9A1E7A4F7556}") = "SEDC-WebApplication.DAL.Data", "SEDC-WebApplication.DAL.Data\SEDC-WebApplication.DAL.Data.csproj", "{642E23E5-7DF0-4963-8D78-E6743C29A367}"
EndProject
Project("{9A19103F-16F7-4668-BE54-9A1E7A4F7556}") = "SEDC-WebAPI", "SEDC-WebAPI\SEDC-WebAPI.csproj", "{B65DECE5-F161-4D81-9557-6D650DB8AA3B}"
EndProject
Project("{9A19103F-16F7-4668-BE54-9A1E7A4F7556}") = "SEDC-WebApplicationEntityFactory", "SEDC-WebApplicationEntityFactory\SEDC-WebApplicationEntityFactory.csproj", "{9F22395E-7820-4A0E-9BA8-8AD1C4220805}"
EndProject
Project("{9A19103F-16F7-4668-BE54-9A1E7A4F7556}") = "SEDC-WebApplicationDataBaseFactory", "SEDC-WebApplicationDataBaseFactory\SEDC-WebApplicationDataBaseFactory.csproj", "{7A997CCD-ED51-4422-B01B-7E5A327E8317}"
EndProject
Project("{2150E333-8FDC-42A3-9474-1A3956D46DE8}") = "Tests", "Tests", "{8F5E45A1-7CEB-4C0E-87CC-02CA0EE4B595}"
EndProject
Project("{FAE04EC0-301F-11D3-BF4B-00C04F79EFBC}") = "SEDC-WebApplication.Tests.WebAPI.XUnitTest", "SEDC-WebApplication.Tests.WebAPI.XUnitTest\SEDC-WebApplication.Tests.WebAPI.XUnitTest.csproj", "{38BBA5A2-C49C-46FE-81C1-BCB2502D2B03}"
EndProject
Project("{FAE04EC0-301F-11D3-BF4B-00C04F79EFBC}") = "SEDC-WebApplication.Tests.BLL.Logic.XUnitTest", "SEDC-WebApplication.Tests.BLL.Logic.XUnitTest\SEDC-WebApplication.Tests.BLL.Logic.XUnitTest.csproj", "{9F48EB05-1789-4039-8111-234E27F1FE6B}"
EndProject
Global
	GlobalSection(SolutionConfigurationPlatforms) = preSolution
		Debug|Any CPU = Debug|Any CPU
		Release|Any CPU = Release|Any CPU
	EndGlobalSection
	GlobalSection(ProjectConfigurationPlatforms) = postSolution
		{DA06CD8E-76E5-4105-BDD0-474E6B8E0961}.Debug|Any CPU.ActiveCfg = Debug|Any CPU
		{DA06CD8E-76E5-4105-BDD0-474E6B8E0961}.Debug|Any CPU.Build.0 = Debug|Any CPU
		{DA06CD8E-76E5-4105-BDD0-474E6B8E0961}.Release|Any CPU.ActiveCfg = Release|Any CPU
		{DA06CD8E-76E5-4105-BDD0-474E6B8E0961}.Release|Any CPU.Build.0 = Release|Any CPU
		{8D7896BE-D397-4FDE-BD51-416C5D2569F7}.Debug|Any CPU.ActiveCfg = Debug|Any CPU
		{8D7896BE-D397-4FDE-BD51-416C5D2569F7}.Debug|Any CPU.Build.0 = Debug|Any CPU
		{8D7896BE-D397-4FDE-BD51-416C5D2569F7}.Release|Any CPU.ActiveCfg = Release|Any CPU
		{8D7896BE-D397-4FDE-BD51-416C5D2569F7}.Release|Any CPU.Build.0 = Release|Any CPU
		{642E23E5-7DF0-4963-8D78-E6743C29A367}.Debug|Any CPU.ActiveCfg = Debug|Any CPU
		{642E23E5-7DF0-4963-8D78-E6743C29A367}.Debug|Any CPU.Build.0 = Debug|Any CPU
		{642E23E5-7DF0-4963-8D78-E6743C29A367}.Release|Any CPU.ActiveCfg = Release|Any CPU
		{642E23E5-7DF0-4963-8D78-E6743C29A367}.Release|Any CPU.Build.0 = Release|Any CPU
		{B65DECE5-F161-4D81-9557-6D650DB8AA3B}.Debug|Any CPU.ActiveCfg = Debug|Any CPU
		{B65DECE5-F161-4D81-9557-6D650DB8AA3B}.Debug|Any CPU.Build.0 = Debug|Any CPU
		{B65DECE5-F161-4D81-9557-6D650DB8AA3B}.Release|Any CPU.ActiveCfg = Release|Any CPU
		{B65DECE5-F161-4D81-9557-6D650DB8AA3B}.Release|Any CPU.Build.0 = Release|Any CPU
		{9F22395E-7820-4A0E-9BA8-8AD1C4220805}.Debug|Any CPU.ActiveCfg = Debug|Any CPU
		{9F22395E-7820-4A0E-9BA8-8AD1C4220805}.Debug|Any CPU.Build.0 = Debug|Any CPU
		{9F22395E-7820-4A0E-9BA8-8AD1C4220805}.Release|Any CPU.ActiveCfg = Release|Any CPU
		{9F22395E-7820-4A0E-9BA8-8AD1C4220805}.Release|Any CPU.Build.0 = Release|Any CPU
		{7A997CCD-ED51-4422-B01B-7E5A327E8317}.Debug|Any CPU.ActiveCfg = Debug|Any CPU
		{7A997CCD-ED51-4422-B01B-7E5A327E8317}.Debug|Any CPU.Build.0 = Debug|Any CPU
		{7A997CCD-ED51-4422-B01B-7E5A327E8317}.Release|Any CPU.ActiveCfg = Release|Any CPU
		{7A997CCD-ED51-4422-B01B-7E5A327E8317}.Release|Any CPU.Build.0 = Release|Any CPU
		{38BBA5A2-C49C-46FE-81C1-BCB2502D2B03}.Debug|Any CPU.ActiveCfg = Debug|Any CPU
		{38BBA5A2-C49C-46FE-81C1-BCB2502D2B03}.Debug|Any CPU.Build.0 = Debug|Any CPU
		{38BBA5A2-C49C-46FE-81C1-BCB2502D2B03}.Release|Any CPU.ActiveCfg = Release|Any CPU
		{38BBA5A2-C49C-46FE-81C1-BCB2502D2B03}.Release|Any CPU.Build.0 = Release|Any CPU
		{9F48EB05-1789-4039-8111-234E27F1FE6B}.Debug|Any CPU.ActiveCfg = Debug|Any CPU
		{9F48EB05-1789-4039-8111-234E27F1FE6B}.Debug|Any CPU.Build.0 = Debug|Any CPU
		{9F48EB05-1789-4039-8111-234E27F1FE6B}.Release|Any CPU.ActiveCfg = Release|Any CPU
		{9F48EB05-1789-4039-8111-234E27F1FE6B}.Release|Any CPU.Build.0 = Release|Any CPU
	EndGlobalSection
	GlobalSection(SolutionProperties) = preSolution
		HideSolutionNode = FALSE
	EndGlobalSection
	GlobalSection(NestedProjects) = preSolution
		{8D7896BE-D397-4FDE-BD51-416C5D2569F7} = {F06CF601-907F-4131-8224-26701883001C}
		{642E23E5-7DF0-4963-8D78-E6743C29A367} = {4587A954-4DD5-48FD-B224-E9CE68B33E28}
		{9F22395E-7820-4A0E-9BA8-8AD1C4220805} = {4587A954-4DD5-48FD-B224-E9CE68B33E28}
		{7A997CCD-ED51-4422-B01B-7E5A327E8317} = {4587A954-4DD5-48FD-B224-E9CE68B33E28}
		{38BBA5A2-C49C-46FE-81C1-BCB2502D2B03} = {8F5E45A1-7CEB-4C0E-87CC-02CA0EE4B595}
		{9F48EB05-1789-4039-8111-234E27F1FE6B} = {8F5E45A1-7CEB-4C0E-87CC-02CA0EE4B595}
	EndGlobalSection
	GlobalSection(ExtensibilityGlobals) = postSolution
		SolutionGuid = {C928B028-D505-4708-8A5A-65A3A5AE698E}
	EndGlobalSection
EndGlobal
